// !$*UTF8*$!
{
	archiveVersion = 1;
	classes = {
	};
	objectVersion = 50;
	objects = {

/* Begin PBXBuildFile section */
		744144DA24257BC100408AE5 /* AppDelegate.swift in Sources */ = {isa = PBXBuildFile; fileRef = 744144D924257BC100408AE5 /* AppDelegate.swift */; };
		744144DC24257BC100408AE5 /* SceneDelegate.swift in Sources */ = {isa = PBXBuildFile; fileRef = 744144DB24257BC100408AE5 /* SceneDelegate.swift */; };
		744144DE24257BC100408AE5 /* ContentView.swift in Sources */ = {isa = PBXBuildFile; fileRef = 744144DD24257BC100408AE5 /* ContentView.swift */; };
		744144E024257BC300408AE5 /* Assets.xcassets in Resources */ = {isa = PBXBuildFile; fileRef = 744144DF24257BC300408AE5 /* Assets.xcassets */; };
		744144E324257BC300408AE5 /* Preview Assets.xcassets in Resources */ = {isa = PBXBuildFile; fileRef = 744144E224257BC300408AE5 /* Preview Assets.xcassets */; };
		744144E624257BC300408AE5 /* LaunchScreen.storyboard in Resources */ = {isa = PBXBuildFile; fileRef = 744144E424257BC300408AE5 /* LaunchScreen.storyboard */; };
		744144F12428AEC400408AE5 /* libresolv.tbd in Frameworks */ = {isa = PBXBuildFile; fileRef = 744144F02428AEAC00408AE5 /* libresolv.tbd */; };
		744144F824294FA000408AE5 /* libdota_underlords.a in Frameworks */ = {isa = PBXBuildFile; fileRef = 744144F62428B55200408AE5 /* libdota_underlords.a */; };
/* End PBXBuildFile section */

/* Begin PBXFileReference section */
		744144D624257BC100408AE5 /* Search Perfect Dota Underlords Builds.app */ = {isa = PBXFileReference; explicitFileType = wrapper.application; includeInIndex = 0; path = "Search Perfect Dota Underlords Builds.app"; sourceTree = BUILT_PRODUCTS_DIR; };
		744144D924257BC100408AE5 /* AppDelegate.swift */ = {isa = PBXFileReference; lastKnownFileType = sourcecode.swift; path = AppDelegate.swift; sourceTree = "<group>"; };
		744144DB24257BC100408AE5 /* SceneDelegate.swift */ = {isa = PBXFileReference; lastKnownFileType = sourcecode.swift; path = SceneDelegate.swift; sourceTree = "<group>"; };
		744144DD24257BC100408AE5 /* ContentView.swift */ = {isa = PBXFileReference; lastKnownFileType = sourcecode.swift; path = ContentView.swift; sourceTree = "<group>"; };
		744144DF24257BC300408AE5 /* Assets.xcassets */ = {isa = PBXFileReference; lastKnownFileType = folder.assetcatalog; path = Assets.xcassets; sourceTree = "<group>"; };
		744144E224257BC300408AE5 /* Preview Assets.xcassets */ = {isa = PBXFileReference; lastKnownFileType = folder.assetcatalog; path = "Preview Assets.xcassets"; sourceTree = "<group>"; };
		744144E524257BC300408AE5 /* Base */ = {isa = PBXFileReference; lastKnownFileType = file.storyboard; name = Base; path = Base.lproj/LaunchScreen.storyboard; sourceTree = "<group>"; };
		744144E724257BC300408AE5 /* Info.plist */ = {isa = PBXFileReference; lastKnownFileType = text.plist.xml; path = Info.plist; sourceTree = "<group>"; };
		744144F02428AEAC00408AE5 /* libresolv.tbd */ = {isa = PBXFileReference; lastKnownFileType = "sourcecode.text-based-dylib-definition"; name = libresolv.tbd; path = usr/lib/libresolv.tbd; sourceTree = SDKROOT; };
		744144F22428AF9000408AE5 /* dota_underlords.h */ = {isa = PBXFileReference; fileEncoding = 4; lastKnownFileType = sourcecode.c.h; name = dota_underlords.h; path = ../../../dota_underlords/src/dota_underlords.h; sourceTree = "<group>"; };
		744144F32428B01700408AE5 /* Dota-Underlords-Bridging-Header.h */ = {isa = PBXFileReference; lastKnownFileType = sourcecode.c.h; path = "Dota-Underlords-Bridging-Header.h"; sourceTree = "<group>"; };
		744144F62428B55200408AE5 /* libdota_underlords.a */ = {isa = PBXFileReference; lastKnownFileType = archive.ar; name = libdota_underlords.a; path = ../../dota_underlords/target/universal/release/libdota_underlords.a; sourceTree = "<group>"; };
/* End PBXFileReference section */

/* Begin PBXFrameworksBuildPhase section */
		744144D324257BC100408AE5 /* Frameworks */ = {
			isa = PBXFrameworksBuildPhase;
			buildActionMask = 2147483647;
			files = (
				744144F12428AEC400408AE5 /* libresolv.tbd in Frameworks */,
				744144F824294FA000408AE5 /* libdota_underlords.a in Frameworks */,
			);
			runOnlyForDeploymentPostprocessing = 0;
		};
/* End PBXFrameworksBuildPhase section */

/* Begin PBXGroup section */
		744144CD24257BC100408AE5 = {
			isa = PBXGroup;
			children = (
				744144D824257BC100408AE5 /* Search Perfect Dota Underlords Builds */,
				744144D724257BC100408AE5 /* Products */,
				744144EF2428AEAC00408AE5 /* Frameworks */,
			);
			sourceTree = "<group>";
		};
		744144D724257BC100408AE5 /* Products */ = {
			isa = PBXGroup;
			children = (
				744144D624257BC100408AE5 /* Search Perfect Dota Underlords Builds.app */,
			);
			name = Products;
			sourceTree = "<group>";
		};
		744144D824257BC100408AE5 /* Search Perfect Dota Underlords Builds */ = {
			isa = PBXGroup;
			children = (
				744144F22428AF9000408AE5 /* dota_underlords.h */,
				744144D924257BC100408AE5 /* AppDelegate.swift */,
				744144DB24257BC100408AE5 /* SceneDelegate.swift */,
				744144DD24257BC100408AE5 /* ContentView.swift */,
				744144DF24257BC300408AE5 /* Assets.xcassets */,
				744144E424257BC300408AE5 /* LaunchScreen.storyboard */,
				744144E724257BC300408AE5 /* Info.plist */,
				744144E124257BC300408AE5 /* Preview Content */,
				744144F32428B01700408AE5 /* Dota-Underlords-Bridging-Header.h */,
			);
			path = "Search Perfect Dota Underlords Builds";
			sourceTree = "<group>";
		};
		744144E124257BC300408AE5 /* Preview Content */ = {
			isa = PBXGroup;
			children = (
				744144E224257BC300408AE5 /* Preview Assets.xcassets */,
			);
			path = "Preview Content";
			sourceTree = "<group>";
		};
		744144EF2428AEAC00408AE5 /* Frameworks */ = {
			isa = PBXGroup;
			children = (
				744144F62428B55200408AE5 /* libdota_underlords.a */,
				744144F02428AEAC00408AE5 /* libresolv.tbd */,
			);
			name = Frameworks;
			sourceTree = "<group>";
		};
/* End PBXGroup section */

/* Begin PBXNativeTarget section */
		744144D524257BC100408AE5 /* Search Perfect Dota Underlords Builds */ = {
			isa = PBXNativeTarget;
			buildConfigurationList = 744144EA24257BC300408AE5 /* Build configuration list for PBXNativeTarget "Search Perfect Dota Underlords Builds" */;
			buildPhases = (
				744144D224257BC100408AE5 /* Sources */,
				744144D324257BC100408AE5 /* Frameworks */,
				744144D424257BC100408AE5 /* Resources */,
			);
			buildRules = (
			);
			dependencies = (
			);
			name = "Search Perfect Dota Underlords Builds";
			productName = "Search Perfect Dota Underlords Builds";
			productReference = 744144D624257BC100408AE5 /* Search Perfect Dota Underlords Builds.app */;
			productType = "com.apple.product-type.application";
		};
/* End PBXNativeTarget section */

/* Begin PBXProject section */
		744144CE24257BC100408AE5 /* Project object */ = {
			isa = PBXProject;
			attributes = {
				LastSwiftUpdateCheck = 1130;
				LastUpgradeCheck = 1130;
				ORGANIZATIONNAME = rustgym;
				TargetAttributes = {
					744144D524257BC100408AE5 = {
						CreatedOnToolsVersion = 11.3.1;
					};
				};
			};
			buildConfigurationList = 744144D124257BC100408AE5 /* Build configuration list for PBXProject "Search Perfect Dota Underlords Builds" */;
			compatibilityVersion = "Xcode 9.3";
			developmentRegion = en;
			hasScannedForEncodings = 0;
			knownRegions = (
				en,
				Base,
			);
			mainGroup = 744144CD24257BC100408AE5;
			productRefGroup = 744144D724257BC100408AE5 /* Products */;
			projectDirPath = "";
			projectRoot = "";
			targets = (
				744144D524257BC100408AE5 /* Search Perfect Dota Underlords Builds */,
			);
		};
/* End PBXProject section */

/* Begin PBXResourcesBuildPhase section */
		744144D424257BC100408AE5 /* Resources */ = {
			isa = PBXResourcesBuildPhase;
			buildActionMask = 2147483647;
			files = (
				744144E624257BC300408AE5 /* LaunchScreen.storyboard in Resources */,
				744144E324257BC300408AE5 /* Preview Assets.xcassets in Resources */,
				744144E024257BC300408AE5 /* Assets.xcassets in Resources */,
			);
			runOnlyForDeploymentPostprocessing = 0;
		};
/* End PBXResourcesBuildPhase section */

/* Begin PBXSourcesBuildPhase section */
		744144D224257BC100408AE5 /* Sources */ = {
			isa = PBXSourcesBuildPhase;
			buildActionMask = 2147483647;
			files = (
				744144DA24257BC100408AE5 /* AppDelegate.swift in Sources */,
				744144DC24257BC100408AE5 /* SceneDelegate.swift in Sources */,
				744144DE24257BC100408AE5 /* ContentView.swift in Sources */,
			);
			runOnlyForDeploymentPostprocessing = 0;
		};
/* End PBXSourcesBuildPhase section */

/* Begin PBXVariantGroup section */
		744144E424257BC300408AE5 /* LaunchScreen.storyboard */ = {
			isa = PBXVariantGroup;
			children = (
				744144E524257BC300408AE5 /* Base */,
			);
			name = LaunchScreen.storyboard;
			sourceTree = "<group>";
		};
/* End PBXVariantGroup section */

/* Begin XCBuildConfiguration section */
		744144E824257BC300408AE5 /* Debug */ = {
			isa = XCBuildConfiguration;
			buildSettings = {
				ALWAYS_SEARCH_USER_PATHS = NO;
				CLANG_ANALYZER_NONNULL = YES;
				CLANG_ANALYZER_NUMBER_OBJECT_CONVERSION = YES_AGGRESSIVE;
				CLANG_CXX_LANGUAGE_STANDARD = "gnu++14";
				CLANG_CXX_LIBRARY = "libc++";
				CLANG_ENABLE_MODULES = YES;
				CLANG_ENABLE_OBJC_ARC = YES;
				CLANG_ENABLE_OBJC_WEAK = YES;
				CLANG_WARN_BLOCK_CAPTURE_AUTORELEASING = YES;
				CLANG_WARN_BOOL_CONVERSION = YES;
				CLANG_WARN_COMMA = YES;
				CLANG_WARN_CONSTANT_CONVERSION = YES;
				CLANG_WARN_DEPRECATED_OBJC_IMPLEMENTATIONS = YES;
				CLANG_WARN_DIRECT_OBJC_ISA_USAGE = YES_ERROR;
				CLANG_WARN_DOCUMENTATION_COMMENTS = YES;
				CLANG_WARN_EMPTY_BODY = YES;
				CLANG_WARN_ENUM_CONVERSION = YES;
				CLANG_WARN_INFINITE_RECURSION = YES;
				CLANG_WARN_INT_CONVERSION = YES;
				CLANG_WARN_NON_LITERAL_NULL_CONVERSION = YES;
				CLANG_WARN_OBJC_IMPLICIT_RETAIN_SELF = YES;
				CLANG_WARN_OBJC_LITERAL_CONVERSION = YES;
				CLANG_WARN_OBJC_ROOT_CLASS = YES_ERROR;
				CLANG_WARN_RANGE_LOOP_ANALYSIS = YES;
				CLANG_WARN_STRICT_PROTOTYPES = YES;
				CLANG_WARN_SUSPICIOUS_MOVE = YES;
				CLANG_WARN_UNGUARDED_AVAILABILITY = YES_AGGRESSIVE;
				CLANG_WARN_UNREACHABLE_CODE = YES;
				CLANG_WARN__DUPLICATE_METHOD_MATCH = YES;
				COPY_PHASE_STRIP = NO;
				DEBUG_INFORMATION_FORMAT = dwarf;
				ENABLE_STRICT_OBJC_MSGSEND = YES;
				ENABLE_TESTABILITY = YES;
				GCC_C_LANGUAGE_STANDARD = gnu11;
				GCC_DYNAMIC_NO_PIC = NO;
				GCC_NO_COMMON_BLOCKS = YES;
				GCC_OPTIMIZATION_LEVEL = 0;
				GCC_PREPROCESSOR_DEFINITIONS = (
					"DEBUG=1",
					"$(inherited)",
				);
				GCC_WARN_64_TO_32_BIT_CONVERSION = YES;
				GCC_WARN_ABOUT_RETURN_TYPE = YES_ERROR;
				GCC_WARN_UNDECLARED_SELECTOR = YES;
				GCC_WARN_UNINITIALIZED_AUTOS = YES_AGGRESSIVE;
				GCC_WARN_UNUSED_FUNCTION = YES;
				GCC_WARN_UNUSED_VARIABLE = YES;
				IPHONEOS_DEPLOYMENT_TARGET = 13.2;
				MTL_ENABLE_DEBUG_INFO = INCLUDE_SOURCE;
				MTL_FAST_MATH = YES;
				ONLY_ACTIVE_ARCH = YES;
				SDKROOT = iphoneos;
				SWIFT_ACTIVE_COMPILATION_CONDITIONS = DEBUG;
				SWIFT_OPTIMIZATION_LEVEL = "-Onone";
			};
			name = Debug;
		};
		744144E924257BC300408AE5 /* Release */ = {
			isa = XCBuildConfiguration;
			buildSettings = {
				ALWAYS_SEARCH_USER_PATHS = NO;
				CLANG_ANALYZER_NONNULL = YES;
				CLANG_ANALYZER_NUMBER_OBJECT_CONVERSION = YES_AGGRESSIVE;
				CLANG_CXX_LANGUAGE_STANDARD = "gnu++14";
				CLANG_CXX_LIBRARY = "libc++";
				CLANG_ENABLE_MODULES = YES;
				CLANG_ENABLE_OBJC_ARC = YES;
				CLANG_ENABLE_OBJC_WEAK = YES;
				CLANG_WARN_BLOCK_CAPTURE_AUTORELEASING = YES;
				CLANG_WARN_BOOL_CONVERSION = YES;
				CLANG_WARN_COMMA = YES;
				CLANG_WARN_CONSTANT_CONVERSION = YES;
				CLANG_WARN_DEPRECATED_OBJC_IMPLEMENTATIONS = YES;
				CLANG_WARN_DIRECT_OBJC_ISA_USAGE = YES_ERROR;
				CLANG_WARN_DOCUMENTATION_COMMENTS = YES;
				CLANG_WARN_EMPTY_BODY = YES;
				CLANG_WARN_ENUM_CONVERSION = YES;
				CLANG_WARN_INFINITE_RECURSION = YES;
				CLANG_WARN_INT_CONVERSION = YES;
				CLANG_WARN_NON_LITERAL_NULL_CONVERSION = YES;
				CLANG_WARN_OBJC_IMPLICIT_RETAIN_SELF = YES;
				CLANG_WARN_OBJC_LITERAL_CONVERSION = YES;
				CLANG_WARN_OBJC_ROOT_CLASS = YES_ERROR;
				CLANG_WARN_RANGE_LOOP_ANALYSIS = YES;
				CLANG_WARN_STRICT_PROTOTYPES = YES;
				CLANG_WARN_SUSPICIOUS_MOVE = YES;
				CLANG_WARN_UNGUARDED_AVAILABILITY = YES_AGGRESSIVE;
				CLANG_WARN_UNREACHABLE_CODE = YES;
				CLANG_WARN__DUPLICATE_METHOD_MATCH = YES;
				COPY_PHASE_STRIP = NO;
				DEBUG_INFORMATION_FORMAT = "dwarf-with-dsym";
				ENABLE_NS_ASSERTIONS = NO;
				ENABLE_STRICT_OBJC_MSGSEND = YES;
				GCC_C_LANGUAGE_STANDARD = gnu11;
				GCC_NO_COMMON_BLOCKS = YES;
				GCC_WARN_64_TO_32_BIT_CONVERSION = YES;
				GCC_WARN_ABOUT_RETURN_TYPE = YES_ERROR;
				GCC_WARN_UNDECLARED_SELECTOR = YES;
				GCC_WARN_UNINITIALIZED_AUTOS = YES_AGGRESSIVE;
				GCC_WARN_UNUSED_FUNCTION = YES;
				GCC_WARN_UNUSED_VARIABLE = YES;
				IPHONEOS_DEPLOYMENT_TARGET = 13.2;
				MTL_ENABLE_DEBUG_INFO = NO;
				MTL_FAST_MATH = YES;
				SDKROOT = iphoneos;
				SWIFT_COMPILATION_MODE = wholemodule;
				SWIFT_OPTIMIZATION_LEVEL = "-O";
				VALIDATE_PRODUCT = YES;
			};
			name = Release;
		};
		744144EB24257BC300408AE5 /* Debug */ = {
			isa = XCBuildConfiguration;
			buildSettings = {
				ASSETCATALOG_COMPILER_APPICON_NAME = AppIcon;
				CODE_SIGN_STYLE = Automatic;
				DEVELOPMENT_ASSET_PATHS = "\"Search Perfect Dota Underlords Builds/Preview Content\"";
				DEVELOPMENT_TEAM = A8Q26LR93F;
				ENABLE_BITCODE = NO;
				ENABLE_PREVIEWS = YES;
				INFOPLIST_FILE = "Search Perfect Dota Underlords Builds/Info.plist";
				LD_RUNPATH_SEARCH_PATHS = (
					"$(inherited)",
					"@executable_path/Frameworks",
				);
				LIBRARY_SEARCH_PATHS = /Users/yinchu/Documents/dota_underlords/target/universal/release;
				PRODUCT_BUNDLE_IDENTIFIER = "com.rustgym.Search-Perfect-Dota-Underlords-Builds";
				PRODUCT_NAME = "$(TARGET_NAME)";
				SWIFT_OBJC_BRIDGING_HEADER = "/Users/yinchu/Documents/ios/Search Perfect Dota Underlords Builds/Search Perfect Dota Underlords Builds/Dota-Underlords-Bridging-Header.h";
				SWIFT_VERSION = 5.0;
				TARGETED_DEVICE_FAMILY = "1,2";
			};
			name = Debug;
		};
		744144EC24257BC300408AE5 /* Release */ = {
			isa = XCBuildConfiguration;
			buildSettings = {
				ASSETCATALOG_COMPILER_APPICON_NAME = AppIcon;
				CODE_SIGN_STYLE = Automatic;
				DEVELOPMENT_ASSET_PATHS = "\"Search Perfect Dota Underlords Builds/Preview Content\"";
				DEVELOPMENT_TEAM = A8Q26LR93F;
				ENABLE_BITCODE = NO;
				ENABLE_PREVIEWS = YES;
				INFOPLIST_FILE = "Search Perfect Dota Underlords Builds/Info.plist";
				LD_RUNPATH_SEARCH_PATHS = (
					"$(inherited)",
					"@executable_path/Frameworks",
				);
				LIBRARY_SEARCH_PATHS = /Users/yinchu/Documents/dota_underlords/target/universal/release;
				PRODUCT_BUNDLE_IDENTIFIER = "com.rustgym.Search-Perfect-Dota-Underlords-Builds";
				PRODUCT_NAME = "$(TARGET_NAME)";
				SWIFT_OBJC_BRIDGING_HEADER = "/Users/yinchu/Documents/ios/Search Perfect Dota Underlords Builds/Search Perfect Dota Underlords Builds/Dota-Underlords-Bridging-Header.h";
				SWIFT_VERSION = 5.0;
				TARGETED_DEVICE_FAMILY = "1,2";
			};
			name = Release;
		};
/* End XCBuildConfiguration section */

/* Begin XCConfigurationList section */
		744144D124257BC100408AE5 /* Build configuration list for PBXProject "Search Perfect Dota Underlords Builds" */ = {
			isa = XCConfigurationList;
			buildConfigurations = (
				744144E824257BC300408AE5 /* Debug */,
				744144E924257BC300408AE5 /* Release */,
			);
			defaultConfigurationIsVisible = 0;
			defaultConfigurationName = Release;
		};
		744144EA24257BC300408AE5 /* Build configuration list for PBXNativeTarget "Search Perfect Dota Underlords Builds" */ = {
			isa = XCConfigurationList;
			buildConfigurations = (
				744144EB24257BC300408AE5 /* Debug */,
				744144EC24257BC300408AE5 /* Release */,
			);
			defaultConfigurationIsVisible = 0;
			defaultConfigurationName = Release;
		};
/* End XCConfigurationList section */
	};
	rootObject = 744144CE24257BC100408AE5 /* Project object */;
}
